
Microsoft Visual Studio Solution File, Format Version 12.00
# Visual Studio 15
VisualStudioVersion = 15.0.28307.572
MinimumVisualStudioVersion = 10.0.40219.1
Project("{FAE04EC0-301F-11D3-BF4B-00C04F79EFBC}") = "MathServiceHost", "MathServiceHost\MathServiceHost.csproj", "{CC1C3A20-680E-430E-B91A-5A3B38BF1850}"
EndProject
Project("{FAE04EC0-301F-11D3-BF4B-00C04F79EFBC}") = "MathService", "..\MathService\MathService\MathService.csproj", "{8E558E1D-EDAA-40F2-B643-4A1AD4D68197}"
EndProject
Global
	GlobalSection(SolutionConfigurationPlatforms) = preSolution
		Debug|Any CPU = Debug|Any CPU
		Release|Any CPU = Release|Any CPU
	EndGlobalSection
	GlobalSection(ProjectConfigurationPlatforms) = postSolution
		{CC1C3A20-680E-430E-B91A-5A3B38BF1850}.Debug|Any CPU.ActiveCfg = Debug|Any CPU
		{CC1C3A20-680E-430E-B91A-5A3B38BF1850}.Debug|Any CPU.Build.0 = Debug|Any CPU
		{CC1C3A20-680E-430E-B91A-5A3B38BF1850}.Release|Any CPU.ActiveCfg = Release|Any CPU
		{CC1C3A20-680E-430E-B91A-5A3B38BF1850}.Release|Any CPU.Build.0 = Release|Any CPU
		{8E558E1D-EDAA-40F2-B643-4A1AD4D68197}.Debug|Any CPU.ActiveCfg = Debug|Any CPU
		{8E558E1D-EDAA-40F2-B643-4A1AD4D68197}.Debug|Any CPU.Build.0 = Debug|Any CPU
		{8E558E1D-EDAA-40F2-B643-4A1AD4D68197}.Release|Any CPU.ActiveCfg = Release|Any CPU
		{8E558E1D-EDAA-40F2-B643-4A1AD4D68197}.Release|Any CPU.Build.0 = Release|Any CPU
	EndGlobalSection
	GlobalSection(SolutionProperties) = preSolution
		HideSolutionNode = FALSE
	EndGlobalSection
	GlobalSection(ExtensibilityGlobals) = postSolution
		SolutionGuid = {6A9F74D5-1FEA-4920-8F67-5BFB22C0A31B}
	EndGlobalSection
EndGlobal
