
Microsoft Visual Studio Solution File, Format Version 12.00
# Visual Studio 15
VisualStudioVersion = 15.0.28307.1000
MinimumVisualStudioVersion = 10.0.40219.1
Project("{FAE04EC0-301F-11D3-BF4B-00C04F79EFBC}") = "Progeto.Geometry", "Progeto.Geometry\Progeto.Geometry.csproj", "{412DC87E-D34E-425D-9788-2A74FC164BE9}"
EndProject
Project("{FAE04EC0-301F-11D3-BF4B-00C04F79EFBC}") = "Tests", "Tests\Tests.csproj", "{9E6A8FD6-BB8C-43E5-A1B3-057E14AA4ACB}"
EndProject
Global
	GlobalSection(SolutionConfigurationPlatforms) = preSolution
		Debug|Any CPU = Debug|Any CPU
		Release|Any CPU = Release|Any CPU
	EndGlobalSection
	GlobalSection(ProjectConfigurationPlatforms) = postSolution
		{412DC87E-D34E-425D-9788-2A74FC164BE9}.Debug|Any CPU.ActiveCfg = Debug|Any CPU
		{412DC87E-D34E-425D-9788-2A74FC164BE9}.Debug|Any CPU.Build.0 = Debug|Any CPU
		{412DC87E-D34E-425D-9788-2A74FC164BE9}.Release|Any CPU.ActiveCfg = Release|Any CPU
		{412DC87E-D34E-425D-9788-2A74FC164BE9}.Release|Any CPU.Build.0 = Release|Any CPU
		{9E6A8FD6-BB8C-43E5-A1B3-057E14AA4ACB}.Debug|Any CPU.ActiveCfg = Debug|Any CPU
		{9E6A8FD6-BB8C-43E5-A1B3-057E14AA4ACB}.Debug|Any CPU.Build.0 = Debug|Any CPU
		{9E6A8FD6-BB8C-43E5-A1B3-057E14AA4ACB}.Release|Any CPU.ActiveCfg = Release|Any CPU
		{9E6A8FD6-BB8C-43E5-A1B3-057E14AA4ACB}.Release|Any CPU.Build.0 = Release|Any CPU
	EndGlobalSection
	GlobalSection(SolutionProperties) = preSolution
		HideSolutionNode = FALSE
	EndGlobalSection
	GlobalSection(ExtensibilityGlobals) = postSolution
		SolutionGuid = {819C4D1F-2384-4BF1-9733-886858BB02B8}
	EndGlobalSection
EndGlobal
