
Microsoft Visual Studio Solution File, Format Version 12.00
# Visual Studio 15
VisualStudioVersion = 15.0.28010.2050
MinimumVisualStudioVersion = 10.0.40219.1
Project("{FAE04EC0-301F-11D3-BF4B-00C04F79EFBC}") = "Server", "Server\Server.csproj", "{7F86B297-1870-4AA5-A8FB-6340E5975347}"
EndProject
Project("{FAE04EC0-301F-11D3-BF4B-00C04F79EFBC}") = "SNFVocabulary", "SNFVocabulary\SNFVocabulary.csproj", "{4BB2D598-8427-4B08-A8AA-CC21836122F0}"
EndProject
Project("{FAE04EC0-301F-11D3-BF4B-00C04F79EFBC}") = "Client", "Client\Client.csproj", "{99112D80-81B7-4D6A-995C-EA31A5C3388E}"
EndProject
Global
	GlobalSection(SolutionConfigurationPlatforms) = preSolution
		Debug|Any CPU = Debug|Any CPU
		Release|Any CPU = Release|Any CPU
	EndGlobalSection
	GlobalSection(ProjectConfigurationPlatforms) = postSolution
		{7F86B297-1870-4AA5-A8FB-6340E5975347}.Debug|Any CPU.ActiveCfg = Debug|Any CPU
		{7F86B297-1870-4AA5-A8FB-6340E5975347}.Debug|Any CPU.Build.0 = Debug|Any CPU
		{7F86B297-1870-4AA5-A8FB-6340E5975347}.Release|Any CPU.ActiveCfg = Release|Any CPU
		{7F86B297-1870-4AA5-A8FB-6340E5975347}.Release|Any CPU.Build.0 = Release|Any CPU
		{4BB2D598-8427-4B08-A8AA-CC21836122F0}.Debug|Any CPU.ActiveCfg = Debug|Any CPU
		{4BB2D598-8427-4B08-A8AA-CC21836122F0}.Debug|Any CPU.Build.0 = Debug|Any CPU
		{4BB2D598-8427-4B08-A8AA-CC21836122F0}.Release|Any CPU.ActiveCfg = Release|Any CPU
		{4BB2D598-8427-4B08-A8AA-CC21836122F0}.Release|Any CPU.Build.0 = Release|Any CPU
		{99112D80-81B7-4D6A-995C-EA31A5C3388E}.Debug|Any CPU.ActiveCfg = Debug|Any CPU
		{99112D80-81B7-4D6A-995C-EA31A5C3388E}.Debug|Any CPU.Build.0 = Debug|Any CPU
		{99112D80-81B7-4D6A-995C-EA31A5C3388E}.Release|Any CPU.ActiveCfg = Release|Any CPU
		{99112D80-81B7-4D6A-995C-EA31A5C3388E}.Release|Any CPU.Build.0 = Release|Any CPU
	EndGlobalSection
	GlobalSection(SolutionProperties) = preSolution
		HideSolutionNode = FALSE
	EndGlobalSection
	GlobalSection(ExtensibilityGlobals) = postSolution
		SolutionGuid = {766E0B30-8B18-429B-9F96-53BD5F1418A3}
	EndGlobalSection
EndGlobal
