
Microsoft Visual Studio Solution File, Format Version 12.00
# Visual Studio 15
VisualStudioVersion = 15.0.28307.572
MinimumVisualStudioVersion = 10.0.40219.1
Project("{9A19103F-16F7-4668-BE54-9A1E7A4F7556}") = "Producer", "Producer\Producer.csproj", "{EC22C421-F964-4D40-BFC8-6291FE5674F0}"
EndProject
Project("{9A19103F-16F7-4668-BE54-9A1E7A4F7556}") = "Consumer", "Consumer\Consumer.csproj", "{0B72A90E-1E5A-42DE-BBDF-23A4ACA33FE1}"
EndProject
Global
	GlobalSection(SolutionConfigurationPlatforms) = preSolution
		Debug|Any CPU = Debug|Any CPU
		Release|Any CPU = Release|Any CPU
	EndGlobalSection
	GlobalSection(ProjectConfigurationPlatforms) = postSolution
		{EC22C421-F964-4D40-BFC8-6291FE5674F0}.Debug|Any CPU.ActiveCfg = Debug|Any CPU
		{EC22C421-F964-4D40-BFC8-6291FE5674F0}.Debug|Any CPU.Build.0 = Debug|Any CPU
		{EC22C421-F964-4D40-BFC8-6291FE5674F0}.Release|Any CPU.ActiveCfg = Release|Any CPU
		{EC22C421-F964-4D40-BFC8-6291FE5674F0}.Release|Any CPU.Build.0 = Release|Any CPU
		{0B72A90E-1E5A-42DE-BBDF-23A4ACA33FE1}.Debug|Any CPU.ActiveCfg = Debug|Any CPU
		{0B72A90E-1E5A-42DE-BBDF-23A4ACA33FE1}.Debug|Any CPU.Build.0 = Debug|Any CPU
		{0B72A90E-1E5A-42DE-BBDF-23A4ACA33FE1}.Release|Any CPU.ActiveCfg = Release|Any CPU
		{0B72A90E-1E5A-42DE-BBDF-23A4ACA33FE1}.Release|Any CPU.Build.0 = Release|Any CPU
	EndGlobalSection
	GlobalSection(SolutionProperties) = preSolution
		HideSolutionNode = FALSE
	EndGlobalSection
	GlobalSection(ExtensibilityGlobals) = postSolution
		SolutionGuid = {FBABADFA-3A60-40C6-8C84-30BFDE9D7BF1}
	EndGlobalSection
EndGlobal
