
Microsoft Visual Studio Solution File, Format Version 12.00
# Visual Studio 15
VisualStudioVersion = 15.0.28307.572
MinimumVisualStudioVersion = 10.0.40219.1
Project("{FAE04EC0-301F-11D3-BF4B-00C04F79EFBC}") = "Face", "Face\Face.csproj", "{302EFFB3-E39E-4FE6-BD7B-9AE739105974}"
EndProject
Global
	GlobalSection(SolutionConfigurationPlatforms) = preSolution
		Debug|Any CPU = Debug|Any CPU
		Release|Any CPU = Release|Any CPU
	EndGlobalSection
	GlobalSection(ProjectConfigurationPlatforms) = postSolution
		{302EFFB3-E39E-4FE6-BD7B-9AE739105974}.Debug|Any CPU.ActiveCfg = Debug|Any CPU
		{302EFFB3-E39E-4FE6-BD7B-9AE739105974}.Debug|Any CPU.Build.0 = Debug|Any CPU
		{302EFFB3-E39E-4FE6-BD7B-9AE739105974}.Release|Any CPU.ActiveCfg = Release|Any CPU
		{302EFFB3-E39E-4FE6-BD7B-9AE739105974}.Release|Any CPU.Build.0 = Release|Any CPU
	EndGlobalSection
	GlobalSection(SolutionProperties) = preSolution
		HideSolutionNode = FALSE
	EndGlobalSection
	GlobalSection(ExtensibilityGlobals) = postSolution
		SolutionGuid = {54C10A05-3DBE-4115-ABB9-F2212926B432}
	EndGlobalSection
EndGlobal
