
Microsoft Visual Studio Solution File, Format Version 12.00
# Visual Studio 15
VisualStudioVersion = 15.0.28307.1000
MinimumVisualStudioVersion = 10.0.40219.1
Project("{9A19103F-16F7-4668-BE54-9A1E7A4F7556}") = "SFFVocabulary", "SFF\SFFVocabulary.csproj", "{2C34DA1F-5DE1-43F7-BA02-62FEB5EBA3D7}"
EndProject
Project("{9A19103F-16F7-4668-BE54-9A1E7A4F7556}") = "SFFVocabulary_Test", "SFFVocabulary_Test\SFFVocabulary_Test.csproj", "{65B23BB6-7D82-43FB-93A5-64906D261808}"
EndProject
Project("{9A19103F-16F7-4668-BE54-9A1E7A4F7556}") = "Server", "Server\Server.csproj", "{89A94272-4609-4032-B70E-D94F22015383}"
EndProject
Project("{9A19103F-16F7-4668-BE54-9A1E7A4F7556}") = "Client", "Client\Client.csproj", "{122ED4D6-E488-4966-8CEB-EA8B3B28821D}"
EndProject
Global
	GlobalSection(SolutionConfigurationPlatforms) = preSolution
		Debug|Any CPU = Debug|Any CPU
		Release|Any CPU = Release|Any CPU
	EndGlobalSection
	GlobalSection(ProjectConfigurationPlatforms) = postSolution
		{2C34DA1F-5DE1-43F7-BA02-62FEB5EBA3D7}.Debug|Any CPU.ActiveCfg = Debug|Any CPU
		{2C34DA1F-5DE1-43F7-BA02-62FEB5EBA3D7}.Debug|Any CPU.Build.0 = Debug|Any CPU
		{2C34DA1F-5DE1-43F7-BA02-62FEB5EBA3D7}.Release|Any CPU.ActiveCfg = Release|Any CPU
		{2C34DA1F-5DE1-43F7-BA02-62FEB5EBA3D7}.Release|Any CPU.Build.0 = Release|Any CPU
		{65B23BB6-7D82-43FB-93A5-64906D261808}.Debug|Any CPU.ActiveCfg = Debug|Any CPU
		{65B23BB6-7D82-43FB-93A5-64906D261808}.Debug|Any CPU.Build.0 = Debug|Any CPU
		{65B23BB6-7D82-43FB-93A5-64906D261808}.Release|Any CPU.ActiveCfg = Release|Any CPU
		{65B23BB6-7D82-43FB-93A5-64906D261808}.Release|Any CPU.Build.0 = Release|Any CPU
		{89A94272-4609-4032-B70E-D94F22015383}.Debug|Any CPU.ActiveCfg = Debug|Any CPU
		{89A94272-4609-4032-B70E-D94F22015383}.Debug|Any CPU.Build.0 = Debug|Any CPU
		{89A94272-4609-4032-B70E-D94F22015383}.Release|Any CPU.ActiveCfg = Release|Any CPU
		{89A94272-4609-4032-B70E-D94F22015383}.Release|Any CPU.Build.0 = Release|Any CPU
		{122ED4D6-E488-4966-8CEB-EA8B3B28821D}.Debug|Any CPU.ActiveCfg = Debug|Any CPU
		{122ED4D6-E488-4966-8CEB-EA8B3B28821D}.Debug|Any CPU.Build.0 = Debug|Any CPU
		{122ED4D6-E488-4966-8CEB-EA8B3B28821D}.Release|Any CPU.ActiveCfg = Release|Any CPU
		{122ED4D6-E488-4966-8CEB-EA8B3B28821D}.Release|Any CPU.Build.0 = Release|Any CPU
	EndGlobalSection
	GlobalSection(SolutionProperties) = preSolution
		HideSolutionNode = FALSE
	EndGlobalSection
	GlobalSection(ExtensibilityGlobals) = postSolution
		SolutionGuid = {E54937FE-3F6D-47BB-8858-8133A8BD2337}
	EndGlobalSection
EndGlobal
